
Microsoft Visual Studio Solution File, Format Version 12.00
# Visual Studio Version 17
VisualStudioVersion = 17.7.34024.191
MinimumVisualStudioVersion = 10.0.40219.1
Project("{FAE04EC0-301F-11D3-BF4B-00C04F79EFBC}") = "Task Search Insert Position", "Task Search Insert Position.csproj", "{EB513065-BCEE-4180-87EC-F44D450293BA}"
EndProject
Global
	GlobalSection(SolutionConfigurationPlatforms) = preSolution
		Debug|Any CPU = Debug|Any CPU
		Release|Any CPU = Release|Any CPU
	EndGlobalSection
	GlobalSection(ProjectConfigurationPlatforms) = postSolution
		{EB513065-BCEE-4180-87EC-F44D450293BA}.Debug|Any CPU.ActiveCfg = Debug|Any CPU
		{EB513065-BCEE-4180-87EC-F44D450293BA}.Debug|Any CPU.Build.0 = Debug|Any CPU
		{EB513065-BCEE-4180-87EC-F44D450293BA}.Release|Any CPU.ActiveCfg = Release|Any CPU
		{EB513065-BCEE-4180-87EC-F44D450293BA}.Release|Any CPU.Build.0 = Release|Any CPU
	EndGlobalSection
	GlobalSection(SolutionProperties) = preSolution
		HideSolutionNode = FALSE
	EndGlobalSection
	GlobalSection(ExtensibilityGlobals) = postSolution
		SolutionGuid = {D4487D66-B0AD-4A0B-BAA1-7712542ADB04}
	EndGlobalSection
EndGlobal
